
Microsoft Visual Studio Solution File, Format Version 12.00
# Visual Studio 15
VisualStudioVersion = 15.0.27004.2010
MinimumVisualStudioVersion = 10.0.40219.1
Project("{FAE04EC0-301F-11D3-BF4B-00C04F79EFBC}") = "Domain", "Domain\Domain.csproj", "{EE97F068-1707-4DEE-B756-31687E1D1966}"
EndProject
Global
	GlobalSection(SolutionConfigurationPlatforms) = preSolution
		Debug|Any CPU = Debug|Any CPU
		Release|Any CPU = Release|Any CPU
	EndGlobalSection
	GlobalSection(ProjectConfigurationPlatforms) = postSolution
		{EE97F068-1707-4DEE-B756-31687E1D1966}.Debug|Any CPU.ActiveCfg = Debug|Any CPU
		{EE97F068-1707-4DEE-B756-31687E1D1966}.Debug|Any CPU.Build.0 = Debug|Any CPU
		{EE97F068-1707-4DEE-B756-31687E1D1966}.Release|Any CPU.ActiveCfg = Release|Any CPU
		{EE97F068-1707-4DEE-B756-31687E1D1966}.Release|Any CPU.Build.0 = Release|Any CPU
	EndGlobalSection
	GlobalSection(SolutionProperties) = preSolution
		HideSolutionNode = FALSE
	EndGlobalSection
	GlobalSection(ExtensibilityGlobals) = postSolution
		SolutionGuid = {1C5CB0C6-BF6D-4D99-B879-A54176DBBE78}
	EndGlobalSection
EndGlobal
