
Microsoft Visual Studio Solution File, Format Version 12.00
# Visual Studio 15
VisualStudioVersion = 15.0.27130.2010
MinimumVisualStudioVersion = 10.0.40219.1
Project("{FAE04EC0-301F-11D3-BF4B-00C04F79EFBC}") = "Eroman", "Eroman\Eroman.csproj", "{54690C3D-7425-4052-A7D7-0BDCE7DE7728}"
EndProject
Global
	GlobalSection(SolutionConfigurationPlatforms) = preSolution
		Debug|Any CPU = Debug|Any CPU
		Release|Any CPU = Release|Any CPU
	EndGlobalSection
	GlobalSection(ProjectConfigurationPlatforms) = postSolution
		{54690C3D-7425-4052-A7D7-0BDCE7DE7728}.Debug|Any CPU.ActiveCfg = Debug|Any CPU
		{54690C3D-7425-4052-A7D7-0BDCE7DE7728}.Debug|Any CPU.Build.0 = Debug|Any CPU
		{54690C3D-7425-4052-A7D7-0BDCE7DE7728}.Release|Any CPU.ActiveCfg = Release|Any CPU
		{54690C3D-7425-4052-A7D7-0BDCE7DE7728}.Release|Any CPU.Build.0 = Release|Any CPU
	EndGlobalSection
	GlobalSection(SolutionProperties) = preSolution
		HideSolutionNode = FALSE
	EndGlobalSection
	GlobalSection(ExtensibilityGlobals) = postSolution
		SolutionGuid = {E613CC95-5DEB-47CE-87D9-7912A6E8D5A1}
	EndGlobalSection
EndGlobal
